
Microsoft Visual Studio Solution File, Format Version 12.00
# Visual Studio 15
VisualStudioVersion = 15.0.26403.7
MinimumVisualStudioVersion = 10.0.40219.1
Project("{FAE04EC0-301F-11D3-BF4B-00C04F79EFBC}") = "Pask.ExtensionProjectTemplateWizard", "Pask.ExtensionProjectTemplateWizard\Pask.ExtensionProjectTemplateWizard.csproj", "{3F49828A-2A6E-48A2-B311-96E040C51DB8}"
EndProject
Project("{FAE04EC0-301F-11D3-BF4B-00C04F79EFBC}") = "Pask.ExtensionProjectTemplate", "Pask.ExtensionProjectTemplate\Pask.ExtensionProjectTemplate.csproj", "{022E6C5C-CF05-4F98-BF72-88DDA7C39C75}"
EndProject
Project("{2150E333-8FDC-42A3-9474-1A3956D46DE8}") = ".build", ".build", "{57081EA6-00DA-4A72-BC47-879C9FCB2800}"
	ProjectSection(SolutionItems) = preProject
		.build\build.ps1 = .build\build.ps1
	EndProjectSection
EndProject
Project("{2150E333-8FDC-42A3-9474-1A3956D46DE8}") = "tasks", "tasks", "{38129D0C-F52C-4706-8EE0-40919FD2CA23}"
EndProject
Project("{2150E333-8FDC-42A3-9474-1A3956D46DE8}") = "scripts", "scripts", "{4DF18423-20ED-4AF5-9BD3-755C94AFD541}"
EndProject
Project("{2150E333-8FDC-42A3-9474-1A3956D46DE8}") = ".nuget", ".nuget", "{A57795DC-8DD6-4078-ACD9-BF492ED79355}"
	ProjectSection(SolutionItems) = preProject
		NuGet.Config = NuGet.Config
	EndProjectSection
EndProject
Project("{2150E333-8FDC-42A3-9474-1A3956D46DE8}") = "Solution Items", "Solution Items", "{F5FE3157-021F-48A2-8A6D-9C6E061425F1}"
	ProjectSection(SolutionItems) = preProject
		appveyor.yml = appveyor.yml
		LICENSE = LICENSE
		README.md = README.md
	EndProjectSection
EndProject
Global
	GlobalSection(SolutionConfigurationPlatforms) = preSolution
		Debug|x86 = Debug|x86
		Release|x86 = Release|x86
	EndGlobalSection
	GlobalSection(ProjectConfigurationPlatforms) = postSolution
		{3F49828A-2A6E-48A2-B311-96E040C51DB8}.Debug|x86.ActiveCfg = Debug|x86
		{3F49828A-2A6E-48A2-B311-96E040C51DB8}.Debug|x86.Build.0 = Debug|x86
		{3F49828A-2A6E-48A2-B311-96E040C51DB8}.Release|x86.ActiveCfg = Release|x86
		{3F49828A-2A6E-48A2-B311-96E040C51DB8}.Release|x86.Build.0 = Release|x86
		{022E6C5C-CF05-4F98-BF72-88DDA7C39C75}.Debug|x86.ActiveCfg = Debug|x86
		{022E6C5C-CF05-4F98-BF72-88DDA7C39C75}.Debug|x86.Build.0 = Debug|x86
		{022E6C5C-CF05-4F98-BF72-88DDA7C39C75}.Release|x86.ActiveCfg = Release|x86
		{022E6C5C-CF05-4F98-BF72-88DDA7C39C75}.Release|x86.Build.0 = Release|x86
	EndGlobalSection
	GlobalSection(SolutionProperties) = preSolution
		HideSolutionNode = FALSE
	EndGlobalSection
	GlobalSection(NestedProjects) = preSolution
		{38129D0C-F52C-4706-8EE0-40919FD2CA23} = {57081EA6-00DA-4A72-BC47-879C9FCB2800}
		{4DF18423-20ED-4AF5-9BD3-755C94AFD541} = {57081EA6-00DA-4A72-BC47-879C9FCB2800}
	EndGlobalSection
EndGlobal
